# This file is autogenerated, do not edit; changes may be undone by the next 'dep ensure'.


[[projects]]
  digest = "1:296ce345feb3e2c11db045671a52f714e328b6177a3874f06de39425988594bb"
  name = "github.com/influxdata/influxdb"
  packages = [
    "client/v2",
    "models",
    "pkg/escape",
  ]
  pruneopts = "UT"
  revision = "76f907b0fada2f16931e37471da695349fcdf8c6"
  version = "v1.7.2"

[[projects]]
  branch = "master"
  digest = "1:b26e0d880b1ce60fcc07e5b46e30e9d438376bbc26b28a181c0f1c78641fc05a"
  name = "github.com/influxdata/platform"
  packages = [
    "models",
    "pkg/escape",
  ]
  pruneopts = "UT"
  revision = "d00dd1b2dacdca69f9dc262d422d34f198f783e7"

[[projects]]
  digest = "1:b6bbd2f9e0724bd81890c8644259f920c6d61c08453978faff0bebd25f3e7d3e"
  name = "github.com/jpillora/backoff"
  packages = ["."]
  pruneopts = "UT"
  revision = "8eab2debe79d12b7bd3d10653910df25fa9552ba"
  version = "1.0.0"

[[projects]]
  branch = "master"
  digest = "1:da869f81f15a3206893464415fdfec93cb25151a66ed4e44465c4ef8eef03023"
  name = "github.com/jpillora/opts"
  packages = ["."]
  pruneopts = "UT"
  revision = "3f7962811f238e35bdbd9a74cbfcd45b209dd298"

[[projects]]
  branch = "master"
  digest = "1:caf6db28595425c0e0f2301a00257d11712f65c1878e12cffc42f6b9a9cf3f23"
  name = "github.com/kardianos/osext"
  packages = ["."]
  pruneopts = "UT"
  revision = "ae77be60afb1dcacde03767a8c37337fad28ac14"

[solve-meta]
  analyzer-name = "dep"
  analyzer-version = 1
  input-imports = [
    "github.com/influxdata/influxdb/client/v2",
    "github.com/jpillora/backoff",
    "github.com/jpillora/opts",
  ]
  solver-name = "gps-cdcl"
  solver-version = 1
